
Microsoft Visual Studio Solution File, Format Version 12.00
# Visual Studio Version 17
VisualStudioVersion = 17.14.36212.18 d17.14
MinimumVisualStudioVersion = 10.0.40219.1
Project("{FAE04EC0-301F-11D3-BF4B-00C04F79EFBC}") = "KatmanliMimari", "KatmanliMimari\KatmanliMimari.csproj", "{7220A5B4-E211-48F1-9B7D-B5F98CAAF2A8}"
EndProject
Project("{FAE04EC0-301F-11D3-BF4B-00C04F79EFBC}") = "DataAccessLayer", "DataAccessLayer\DataAccessLayer.csproj", "{DD55F7D4-9209-455A-8D20-1A43A8A68417}"
EndProject
Global
	GlobalSection(SolutionConfigurationPlatforms) = preSolution
		Debug|Any CPU = Debug|Any CPU
		Release|Any CPU = Release|Any CPU
	EndGlobalSection
	GlobalSection(ProjectConfigurationPlatforms) = postSolution
		{7220A5B4-E211-48F1-9B7D-B5F98CAAF2A8}.Debug|Any CPU.ActiveCfg = Debug|Any CPU
		{7220A5B4-E211-48F1-9B7D-B5F98CAAF2A8}.Debug|Any CPU.Build.0 = Debug|Any CPU
		{7220A5B4-E211-48F1-9B7D-B5F98CAAF2A8}.Release|Any CPU.ActiveCfg = Release|Any CPU
		{7220A5B4-E211-48F1-9B7D-B5F98CAAF2A8}.Release|Any CPU.Build.0 = Release|Any CPU
		{DD55F7D4-9209-455A-8D20-1A43A8A68417}.Debug|Any CPU.ActiveCfg = Debug|Any CPU
		{DD55F7D4-9209-455A-8D20-1A43A8A68417}.Debug|Any CPU.Build.0 = Debug|Any CPU
		{DD55F7D4-9209-455A-8D20-1A43A8A68417}.Release|Any CPU.ActiveCfg = Release|Any CPU
		{DD55F7D4-9209-455A-8D20-1A43A8A68417}.Release|Any CPU.Build.0 = Release|Any CPU
	EndGlobalSection
	GlobalSection(SolutionProperties) = preSolution
		HideSolutionNode = FALSE
	EndGlobalSection
	GlobalSection(ExtensibilityGlobals) = postSolution
		SolutionGuid = {668887F0-1BBB-412B-8F75-79F6652969DC}
	EndGlobalSection
EndGlobal
