
Microsoft Visual Studio Solution File, Format Version 12.00
# Visual Studio Version 17
VisualStudioVersion = 17.14.36212.18 d17.14
MinimumVisualStudioVersion = 10.0.40219.1
Project("{FAE04EC0-301F-11D3-BF4B-00C04F79EFBC}") = "ArrayListKoleksiyonu", "ArrayListKoleksiyonu\ArrayListKoleksiyonu.csproj", "{F902C18F-A2EF-4B6A-814B-0F857AC2574D}"
EndProject
Global
	GlobalSection(SolutionConfigurationPlatforms) = preSolution
		Debug|Any CPU = Debug|Any CPU
		Release|Any CPU = Release|Any CPU
	EndGlobalSection
	GlobalSection(ProjectConfigurationPlatforms) = postSolution
		{F902C18F-A2EF-4B6A-814B-0F857AC2574D}.Debug|Any CPU.ActiveCfg = Debug|Any CPU
		{F902C18F-A2EF-4B6A-814B-0F857AC2574D}.Debug|Any CPU.Build.0 = Debug|Any CPU
		{F902C18F-A2EF-4B6A-814B-0F857AC2574D}.Release|Any CPU.ActiveCfg = Release|Any CPU
		{F902C18F-A2EF-4B6A-814B-0F857AC2574D}.Release|Any CPU.Build.0 = Release|Any CPU
	EndGlobalSection
	GlobalSection(SolutionProperties) = preSolution
		HideSolutionNode = FALSE
	EndGlobalSection
	GlobalSection(ExtensibilityGlobals) = postSolution
		SolutionGuid = {0C9127E8-1988-42EE-A823-88CEF99941B9}
	EndGlobalSection
EndGlobal
