
Microsoft Visual Studio Solution File, Format Version 12.00
# Visual Studio Version 17
VisualStudioVersion = 17.14.36212.18 d17.14
MinimumVisualStudioVersion = 10.0.40219.1
Project("{FAE04EC0-301F-11D3-BF4B-00C04F79EFBC}") = "ObjectTuru", "ObjectTuru\ObjectTuru.csproj", "{3D9407EB-6671-4004-9F56-108F867FCAB5}"
EndProject
Global
	GlobalSection(SolutionConfigurationPlatforms) = preSolution
		Debug|Any CPU = Debug|Any CPU
		Release|Any CPU = Release|Any CPU
	EndGlobalSection
	GlobalSection(ProjectConfigurationPlatforms) = postSolution
		{3D9407EB-6671-4004-9F56-108F867FCAB5}.Debug|Any CPU.ActiveCfg = Debug|Any CPU
		{3D9407EB-6671-4004-9F56-108F867FCAB5}.Debug|Any CPU.Build.0 = Debug|Any CPU
		{3D9407EB-6671-4004-9F56-108F867FCAB5}.Release|Any CPU.ActiveCfg = Release|Any CPU
		{3D9407EB-6671-4004-9F56-108F867FCAB5}.Release|Any CPU.Build.0 = Release|Any CPU
	EndGlobalSection
	GlobalSection(SolutionProperties) = preSolution
		HideSolutionNode = FALSE
	EndGlobalSection
	GlobalSection(ExtensibilityGlobals) = postSolution
		SolutionGuid = {D6856827-484B-4AF5-A194-8C5B8618036B}
	EndGlobalSection
EndGlobal
